
Microsoft Visual Studio Solution File, Format Version 12.00
# Visual Studio 15
VisualStudioVersion = 15.0.28010.2036
MinimumVisualStudioVersion = 10.0.40219.1
Project("{FAE04EC0-301F-11D3-BF4B-00C04F79EFBC}") = "Codecademy", "Codecademy\Codecademy.csproj", "{9D3FB3CB-AC60-455C-A95B-6889A60F5A0B}"
EndProject
Project("{FAE04EC0-301F-11D3-BF4B-00C04F79EFBC}") = "MadLibs", "MadLibs\MadLibs.csproj", "{12125C91-AA57-40FD-A0B2-011C165FA412}"
EndProject
Project("{FAE04EC0-301F-11D3-BF4B-00C04F79EFBC}") = "MoneyMaker", "MoneyMaker\MoneyMaker.csproj", "{1A66E98E-F9A3-4E0B-BA5C-3D4AB286DA21}"
EndProject
Project("{FAE04EC0-301F-11D3-BF4B-00C04F79EFBC}") = "PasswordChecker", "PasswordChecker\PasswordChecker.csproj", "{93CE6E96-2B05-49BA-B63B-8A5666E69E73}"
EndProject
Project("{FAE04EC0-301F-11D3-BF4B-00C04F79EFBC}") = "ChooseYourOwnAdventure", "ChooseYourOwnAdventure\ChooseYourOwnAdventure.csproj", "{9F6952C3-2C1D-41E4-AF87-7E7163B006F1}"
EndProject
Project("{FAE04EC0-301F-11D3-BF4B-00C04F79EFBC}") = "ArchitectArithmetic", "ArchitectArithmetic\ArchitectArithmetic.csproj", "{3089A967-798C-444B-8857-46FE1630400B}"
EndProject
Project("{FAE04EC0-301F-11D3-BF4B-00C04F79EFBC}") = "ExquisiteCorpse", "ExquisiteCorpse\ExquisiteCorpse.csproj", "{69D40799-F555-489F-B114-28395AE833AF}"
EndProject
Project("{FAE04EC0-301F-11D3-BF4B-00C04F79EFBC}") = "CaesarCipher", "CaesarCipher\CaesarCipher.csproj", "{D4308879-D6F6-4859-95B3-847A430306E5}"
EndProject
Project("{FAE04EC0-301F-11D3-BF4B-00C04F79EFBC}") = "TrueOrFalse", "TrueOrFalse\TrueOrFalse.csproj", "{7441CA58-0BC0-4FD5-B02B-081917255CDB}"
EndProject
Global
	GlobalSection(SolutionConfigurationPlatforms) = preSolution
		Debug|Any CPU = Debug|Any CPU
		Release|Any CPU = Release|Any CPU
	EndGlobalSection
	GlobalSection(ProjectConfigurationPlatforms) = postSolution
		{9D3FB3CB-AC60-455C-A95B-6889A60F5A0B}.Debug|Any CPU.ActiveCfg = Debug|Any CPU
		{9D3FB3CB-AC60-455C-A95B-6889A60F5A0B}.Debug|Any CPU.Build.0 = Debug|Any CPU
		{9D3FB3CB-AC60-455C-A95B-6889A60F5A0B}.Release|Any CPU.ActiveCfg = Release|Any CPU
		{9D3FB3CB-AC60-455C-A95B-6889A60F5A0B}.Release|Any CPU.Build.0 = Release|Any CPU
		{12125C91-AA57-40FD-A0B2-011C165FA412}.Debug|Any CPU.ActiveCfg = Debug|Any CPU
		{12125C91-AA57-40FD-A0B2-011C165FA412}.Debug|Any CPU.Build.0 = Debug|Any CPU
		{12125C91-AA57-40FD-A0B2-011C165FA412}.Release|Any CPU.ActiveCfg = Release|Any CPU
		{12125C91-AA57-40FD-A0B2-011C165FA412}.Release|Any CPU.Build.0 = Release|Any CPU
		{1A66E98E-F9A3-4E0B-BA5C-3D4AB286DA21}.Debug|Any CPU.ActiveCfg = Debug|Any CPU
		{1A66E98E-F9A3-4E0B-BA5C-3D4AB286DA21}.Debug|Any CPU.Build.0 = Debug|Any CPU
		{1A66E98E-F9A3-4E0B-BA5C-3D4AB286DA21}.Release|Any CPU.ActiveCfg = Release|Any CPU
		{1A66E98E-F9A3-4E0B-BA5C-3D4AB286DA21}.Release|Any CPU.Build.0 = Release|Any CPU
		{93CE6E96-2B05-49BA-B63B-8A5666E69E73}.Debug|Any CPU.ActiveCfg = Debug|Any CPU
		{93CE6E96-2B05-49BA-B63B-8A5666E69E73}.Debug|Any CPU.Build.0 = Debug|Any CPU
		{93CE6E96-2B05-49BA-B63B-8A5666E69E73}.Release|Any CPU.ActiveCfg = Release|Any CPU
		{93CE6E96-2B05-49BA-B63B-8A5666E69E73}.Release|Any CPU.Build.0 = Release|Any CPU
		{9F6952C3-2C1D-41E4-AF87-7E7163B006F1}.Debug|Any CPU.ActiveCfg = Debug|Any CPU
		{9F6952C3-2C1D-41E4-AF87-7E7163B006F1}.Debug|Any CPU.Build.0 = Debug|Any CPU
		{9F6952C3-2C1D-41E4-AF87-7E7163B006F1}.Release|Any CPU.ActiveCfg = Release|Any CPU
		{9F6952C3-2C1D-41E4-AF87-7E7163B006F1}.Release|Any CPU.Build.0 = Release|Any CPU
		{3089A967-798C-444B-8857-46FE1630400B}.Debug|Any CPU.ActiveCfg = Debug|Any CPU
		{3089A967-798C-444B-8857-46FE1630400B}.Debug|Any CPU.Build.0 = Debug|Any CPU
		{3089A967-798C-444B-8857-46FE1630400B}.Release|Any CPU.ActiveCfg = Release|Any CPU
		{3089A967-798C-444B-8857-46FE1630400B}.Release|Any CPU.Build.0 = Release|Any CPU
		{69D40799-F555-489F-B114-28395AE833AF}.Debug|Any CPU.ActiveCfg = Debug|Any CPU
		{69D40799-F555-489F-B114-28395AE833AF}.Debug|Any CPU.Build.0 = Debug|Any CPU
		{69D40799-F555-489F-B114-28395AE833AF}.Release|Any CPU.ActiveCfg = Release|Any CPU
		{69D40799-F555-489F-B114-28395AE833AF}.Release|Any CPU.Build.0 = Release|Any CPU
		{D4308879-D6F6-4859-95B3-847A430306E5}.Debug|Any CPU.ActiveCfg = Debug|Any CPU
		{D4308879-D6F6-4859-95B3-847A430306E5}.Debug|Any CPU.Build.0 = Debug|Any CPU
		{D4308879-D6F6-4859-95B3-847A430306E5}.Release|Any CPU.ActiveCfg = Release|Any CPU
		{D4308879-D6F6-4859-95B3-847A430306E5}.Release|Any CPU.Build.0 = Release|Any CPU
		{7441CA58-0BC0-4FD5-B02B-081917255CDB}.Debug|Any CPU.ActiveCfg = Debug|Any CPU
		{7441CA58-0BC0-4FD5-B02B-081917255CDB}.Debug|Any CPU.Build.0 = Debug|Any CPU
		{7441CA58-0BC0-4FD5-B02B-081917255CDB}.Release|Any CPU.ActiveCfg = Release|Any CPU
		{7441CA58-0BC0-4FD5-B02B-081917255CDB}.Release|Any CPU.Build.0 = Release|Any CPU
	EndGlobalSection
	GlobalSection(SolutionProperties) = preSolution
		HideSolutionNode = FALSE
	EndGlobalSection
	GlobalSection(ExtensibilityGlobals) = postSolution
		SolutionGuid = {9BF5CBAA-4B76-4364-83E2-703F387A7843}
	EndGlobalSection
EndGlobal
