
Microsoft Visual Studio Solution File, Format Version 12.00
# Visual Studio 15
VisualStudioVersion = 15.0.28010.2036
MinimumVisualStudioVersion = 10.0.40219.1
Project("{FAE04EC0-301F-11D3-BF4B-00C04F79EFBC}") = "CodeFights", "CodeFights\CodeFights.csproj", "{EDC4B988-A365-4CC7-892A-ABAFF8F7178B}"
EndProject
Global
	GlobalSection(SolutionConfigurationPlatforms) = preSolution
		Debug|Any CPU = Debug|Any CPU
		Release|Any CPU = Release|Any CPU
	EndGlobalSection
	GlobalSection(ProjectConfigurationPlatforms) = postSolution
		{EDC4B988-A365-4CC7-892A-ABAFF8F7178B}.Debug|Any CPU.ActiveCfg = Debug|Any CPU
		{EDC4B988-A365-4CC7-892A-ABAFF8F7178B}.Debug|Any CPU.Build.0 = Debug|Any CPU
		{EDC4B988-A365-4CC7-892A-ABAFF8F7178B}.Release|Any CPU.ActiveCfg = Release|Any CPU
		{EDC4B988-A365-4CC7-892A-ABAFF8F7178B}.Release|Any CPU.Build.0 = Release|Any CPU
	EndGlobalSection
	GlobalSection(SolutionProperties) = preSolution
		HideSolutionNode = FALSE
	EndGlobalSection
	GlobalSection(ExtensibilityGlobals) = postSolution
		SolutionGuid = {F7E00FA6-EAC3-4251-8E14-E77D4394D53B}
	EndGlobalSection
EndGlobal
